// !$*UTF8*$!
{
	archiveVersion = 1;
	classes = {
	};
	objectVersion = 46;
	objects = {

/* Begin PBXBuildFile section */
		1ACE6B2E1A36F49B00FBBB8C /* AppDelegate.swift in Sources */ = {isa = PBXBuildFile; fileRef = 1ACE6B2D1A36F49B00FBBB8C /* AppDelegate.swift */; };
		1ACE6B301A36F49B00FBBB8C /* ViewController.swift in Sources */ = {isa = PBXBuildFile; fileRef = 1ACE6B2F1A36F49B00FBBB8C /* ViewController.swift */; };
		1ACE6B331A36F49B00FBBB8C /* Main.storyboard in Resources */ = {isa = PBXBuildFile; fileRef = 1ACE6B311A36F49B00FBBB8C /* Main.storyboard */; };
		1ACE6B351A36F49B00FBBB8C /* Images.xcassets in Resources */ = {isa = PBXBuildFile; fileRef = 1ACE6B341A36F49B00FBBB8C /* Images.xcassets */; };
		1ACE6B381A36F49B00FBBB8C /* LaunchScreen.xib in Resources */ = {isa = PBXBuildFile; fileRef = 1ACE6B361A36F49B00FBBB8C /* LaunchScreen.xib */; };
		1ACE6B441A36F49B00FBBB8C /* swiftSendParamsDemoTests.swift in Sources */ = {isa = PBXBuildFile; fileRef = 1ACE6B431A36F49B00FBBB8C /* swiftSendParamsDemoTests.swift */; };
		1ACE6B4E1A36F67F00FBBB8C /* btn1.swift in Sources */ = {isa = PBXBuildFile; fileRef = 1ACE6B4D1A36F67F00FBBB8C /* btn1.swift */; };
		1ACE6B501A36F68700FBBB8C /* btn2.swift in Sources */ = {isa = PBXBuildFile; fileRef = 1ACE6B4F1A36F68700FBBB8C /* btn2.swift */; };
/* End PBXBuildFile section */

/* Begin PBXContainerItemProxy section */
		1ACE6B3E1A36F49B00FBBB8C /* PBXContainerItemProxy */ = {
			isa = PBXContainerItemProxy;
			containerPortal = 1ACE6B201A36F49B00FBBB8C /* Project object */;
			proxyType = 1;
			remoteGlobalIDString = 1ACE6B271A36F49B00FBBB8C;
			remoteInfo = swiftSendParamsDemo;
		};
/* End PBXContainerItemProxy section */

/* Begin PBXFileReference section */
		1ACE6B281A36F49B00FBBB8C /* swiftSendParamsDemo.app */ = {isa = PBXFileReference; explicitFileType = wrapper.application; includeInIndex = 0; path = swiftSendParamsDemo.app; sourceTree = BUILT_PRODUCTS_DIR; };
		1ACE6B2C1A36F49B00FBBB8C /* Info.plist */ = {isa = PBXFileReference; lastKnownFileType = text.plist.xml; path = Info.plist; sourceTree = "<group>"; };
		1ACE6B2D1A36F49B00FBBB8C /* AppDelegate.swift */ = {isa = PBXFileReference; lastKnownFileType = sourcecode.swift; path = AppDelegate.swift; sourceTree = "<group>"; };
		1ACE6B2F1A36F49B00FBBB8C /* ViewController.swift */ = {isa = PBXFileReference; lastKnownFileType = sourcecode.swift; path = ViewController.swift; sourceTree = "<group>"; };
		1ACE6B321A36F49B00FBBB8C /* Base */ = {isa = PBXFileReference; lastKnownFileType = file.storyboard; name = Base; path = Base.lproj/Main.storyboard; sourceTree = "<group>"; };
		1ACE6B341A36F49B00FBBB8C /* Images.xcassets */ = {isa = PBXFileReference; lastKnownFileType = folder.assetcatalog; path = Images.xcassets; sourceTree = "<group>"; };
		1ACE6B371A36F49B00FBBB8C /* Base */ = {isa = PBXFileReference; lastKnownFileType = file.xib; name = Base; path = Base.lproj/LaunchScreen.xib; sourceTree = "<group>"; };
		1ACE6B3D1A36F49B00FBBB8C /* swiftSendParamsDemoTests.xctest */ = {isa = PBXFileReference; explicitFileType = wrapper.cfbundle; includeInIndex = 0; path = swiftSendParamsDemoTests.xctest; sourceTree = BUILT_PRODUCTS_DIR; };
		1ACE6B421A36F49B00FBBB8C /* Info.plist */ = {isa = PBXFileReference; lastKnownFileType = text.plist.xml; path = Info.plist; sourceTree = "<group>"; };
		1ACE6B431A36F49B00FBBB8C /* swiftSendParamsDemoTests.swift */ = {isa = PBXFileReference; lastKnownFileType = sourcecode.swift; path = swiftSendParamsDemoTests.swift; sourceTree = "<group>"; };
		1ACE6B4D1A36F67F00FBBB8C /* btn1.swift */ = {isa = PBXFileReference; fileEncoding = 4; lastKnownFileType = sourcecode.swift; path = btn1.swift; sourceTree = "<group>"; };
		1ACE6B4F1A36F68700FBBB8C /* btn2.swift */ = {isa = PBXFileReference; fileEncoding = 4; lastKnownFileType = sourcecode.swift; path = btn2.swift; sourceTree = "<group>"; };
/* End PBXFileReference section */

/* Begin PBXFrameworksBuildPhase section */
		1ACE6B251A36F49B00FBBB8C /* Frameworks */ = {
			isa = PBXFrameworksBuildPhase;
			buildActionMask = 2147483647;
			files = (
			);
			runOnlyForDeploymentPostprocessing = 0;
		};
		1ACE6B3A1A36F49B00FBBB8C /* Frameworks */ = {
			isa = PBXFrameworksBuildPhase;
			buildActionMask = 2147483647;
			files = (
			);
			runOnlyForDeploymentPostprocessing = 0;
		};
/* End PBXFrameworksBuildPhase section */

/* Begin PBXGroup section */
		1ACE6B1F1A36F49B00FBBB8C = {
			isa = PBXGroup;
			children = (
				1ACE6B2A1A36F49B00FBBB8C /* swiftSendParamsDemo */,
				1ACE6B401A36F49B00FBBB8C /* swiftSendParamsDemoTests */,
				1ACE6B291A36F49B00FBBB8C /* Products */,
			);
			sourceTree = "<group>";
		};
		1ACE6B291A36F49B00FBBB8C /* Products */ = {
			isa = PBXGroup;
			children = (
				1ACE6B281A36F49B00FBBB8C /* swiftSendParamsDemo.app */,
				1ACE6B3D1A36F49B00FBBB8C /* swiftSendParamsDemoTests.xctest */,
			);
			name = Products;
			sourceTree = "<group>";
		};
		1ACE6B2A1A36F49B00FBBB8C /* swiftSendParamsDemo */ = {
			isa = PBXGroup;
			children = (
				1ACE6B2D1A36F49B00FBBB8C /* AppDelegate.swift */,
				1ACE6B2F1A36F49B00FBBB8C /* ViewController.swift */,
				1ACE6B311A36F49B00FBBB8C /* Main.storyboard */,
				1ACE6B341A36F49B00FBBB8C /* Images.xcassets */,
				1ACE6B361A36F49B00FBBB8C /* LaunchScreen.xib */,
				1ACE6B2B1A36F49B00FBBB8C /* Supporting Files */,
				1ACE6B4D1A36F67F00FBBB8C /* btn1.swift */,
				1ACE6B4F1A36F68700FBBB8C /* btn2.swift */,
			);
			path = swiftSendParamsDemo;
			sourceTree = "<group>";
		};
		1ACE6B2B1A36F49B00FBBB8C /* Supporting Files */ = {
			isa = PBXGroup;
			children = (
				1ACE6B2C1A36F49B00FBBB8C /* Info.plist */,
			);
			name = "Supporting Files";
			sourceTree = "<group>";
		};
		1ACE6B401A36F49B00FBBB8C /* swiftSendParamsDemoTests */ = {
			isa = PBXGroup;
			children = (
				1ACE6B431A36F49B00FBBB8C /* swiftSendParamsDemoTests.swift */,
				1ACE6B411A36F49B00FBBB8C /* Supporting Files */,
			);
			path = swiftSendParamsDemoTests;
			sourceTree = "<group>";
		};
		1ACE6B411A36F49B00FBBB8C /* Supporting Files */ = {
			isa = PBXGroup;
			children = (
				1ACE6B421A36F49B00FBBB8C /* Info.plist */,
			);
			name = "Supporting Files";
			sourceTree = "<group>";
		};
/* End PBXGroup section */

/* Begin PBXNativeTarget section */
		1ACE6B271A36F49B00FBBB8C /* swiftSendParamsDemo */ = {
			isa = PBXNativeTarget;
			buildConfigurationList = 1ACE6B471A36F49B00FBBB8C /* Build configuration list for PBXNativeTarget "swiftSendParamsDemo" */;
			buildPhases = (
				1ACE6B241A36F49B00FBBB8C /* Sources */,
				1ACE6B251A36F49B00FBBB8C /* Frameworks */,
				1ACE6B261A36F49B00FBBB8C /* Resources */,
			);
			buildRules = (
			);
			dependencies = (
			);
			name = swiftSendParamsDemo;
			productName = swiftSendParamsDemo;
			productReference = 1ACE6B281A36F49B00FBBB8C /* swiftSendParamsDemo.app */;
			productType = "com.apple.product-type.application";
		};
		1ACE6B3C1A36F49B00FBBB8C /* swiftSendParamsDemoTests */ = {
			isa = PBXNativeTarget;
			buildConfigurationList = 1ACE6B4A1A36F49B00FBBB8C /* Build configuration list for PBXNativeTarget "swiftSendParamsDemoTests" */;
			buildPhases = (
				1ACE6B391A36F49B00FBBB8C /* Sources */,
				1ACE6B3A1A36F49B00FBBB8C /* Frameworks */,
				1ACE6B3B1A36F49B00FBBB8C /* Resources */,
			);
			buildRules = (
			);
			dependencies = (
				1ACE6B3F1A36F49B00FBBB8C /* PBXTargetDependency */,
			);
			name = swiftSendParamsDemoTests;
			productName = swiftSendParamsDemoTests;
			productReference = 1ACE6B3D1A36F49B00FBBB8C /* swiftSendParamsDemoTests.xctest */;
			productType = "com.apple.product-type.bundle.unit-test";
		};
/* End PBXNativeTarget section */

/* Begin PBXProject section */
		1ACE6B201A36F49B00FBBB8C /* Project object */ = {
			isa = PBXProject;
			attributes = {
				LastUpgradeCheck = 0610;
				ORGANIZATIONNAME = woowen;
				TargetAttributes = {
					1ACE6B271A36F49B00FBBB8C = {
						CreatedOnToolsVersion = 6.1;
					};
					1ACE6B3C1A36F49B00FBBB8C = {
						CreatedOnToolsVersion = 6.1;
						TestTargetID = 1ACE6B271A36F49B00FBBB8C;
					};
				};
			};
			buildConfigurationList = 1ACE6B231A36F49B00FBBB8C /* Build configuration list for PBXProject "swiftSendParamsDemo" */;
			compatibilityVersion = "Xcode 3.2";
			developmentRegion = English;
			hasScannedForEncodings = 0;
			knownRegions = (
				en,
				Base,
			);
			mainGroup = 1ACE6B1F1A36F49B00FBBB8C;
			productRefGroup = 1ACE6B291A36F49B00FBBB8C /* Products */;
			projectDirPath = "";
			projectRoot = "";
			targets = (
				1ACE6B271A36F49B00FBBB8C /* swiftSendParamsDemo */,
				1ACE6B3C1A36F49B00FBBB8C /* swiftSendParamsDemoTests */,
			);
		};
/* End PBXProject section */

/* Begin PBXResourcesBuildPhase section */
		1ACE6B261A36F49B00FBBB8C /* Resources */ = {
			isa = PBXResourcesBuildPhase;
			buildActionMask = 2147483647;
			files = (
				1ACE6B331A36F49B00FBBB8C /* Main.storyboard in Resources */,
				1ACE6B381A36F49B00FBBB8C /* LaunchScreen.xib in Resources */,
				1ACE6B351A36F49B00FBBB8C /* Images.xcassets in Resources */,
			);
			runOnlyForDeploymentPostprocessing = 0;
		};
		1ACE6B3B1A36F49B00FBBB8C /* Resources */ = {
			isa = PBXResourcesBuildPhase;
			buildActionMask = 2147483647;
			files = (
			);
			runOnlyForDeploymentPostprocessing = 0;
		};
/* End PBXResourcesBuildPhase section */

/* Begin PBXSourcesBuildPhase section */
		1ACE6B241A36F49B00FBBB8C /* Sources */ = {
			isa = PBXSourcesBuildPhase;
			buildActionMask = 2147483647;
			files = (
				1ACE6B301A36F49B00FBBB8C /* ViewController.swift in Sources */,
				1ACE6B4E1A36F67F00FBBB8C /* btn1.swift in Sources */,
				1ACE6B2E1A36F49B00FBBB8C /* AppDelegate.swift in Sources */,
				1ACE6B501A36F68700FBBB8C /* btn2.swift in Sources */,
			);
			runOnlyForDeploymentPostprocessing = 0;
		};
		1ACE6B391A36F49B00FBBB8C /* Sources */ = {
			isa = PBXSourcesBuildPhase;
			buildActionMask = 2147483647;
			files = (
				1ACE6B441A36F49B00FBBB8C /* swiftSendParamsDemoTests.swift in Sources */,
			);
			runOnlyForDeploymentPostprocessing = 0;
		};
/* End PBXSourcesBuildPhase section */

/* Begin PBXTargetDependency section */
		1ACE6B3F1A36F49B00FBBB8C /* PBXTargetDependency */ = {
			isa = PBXTargetDependency;
			target = 1ACE6B271A36F49B00FBBB8C /* swiftSendParamsDemo */;
			targetProxy = 1ACE6B3E1A36F49B00FBBB8C /* PBXContainerItemProxy */;
		};
/* End PBXTargetDependency section */

/* Begin PBXVariantGroup section */
		1ACE6B311A36F49B00FBBB8C /* Main.storyboard */ = {
			isa = PBXVariantGroup;
			children = (
				1ACE6B321A36F49B00FBBB8C /* Base */,
			);
			name = Main.storyboard;
			sourceTree = "<group>";
		};
		1ACE6B361A36F49B00FBBB8C /* LaunchScreen.xib */ = {
			isa = PBXVariantGroup;
			children = (
				1ACE6B371A36F49B00FBBB8C /* Base */,
			);
			name = LaunchScreen.xib;
			sourceTree = "<group>";
		};
/* End PBXVariantGroup section */

/* Begin XCBuildConfiguration section */
		1ACE6B451A36F49B00FBBB8C /* Debug */ = {
			isa = XCBuildConfiguration;
			buildSettings = {
				ALWAYS_SEARCH_USER_PATHS = NO;
				CLANG_CXX_LANGUAGE_STANDARD = "gnu++0x";
				CLANG_CXX_LIBRARY = "libc++";
				CLANG_ENABLE_MODULES = YES;
				CLANG_ENABLE_OBJC_ARC = YES;
				CLANG_WARN_BOOL_CONVERSION = YES;
				CLANG_WARN_CONSTANT_CONVERSION = YES;
				CLANG_WARN_DIRECT_OBJC_ISA_USAGE = YES_ERROR;
				CLANG_WARN_EMPTY_BODY = YES;
				CLANG_WARN_ENUM_CONVERSION = YES;
				CLANG_WARN_INT_CONVERSION = YES;
				CLANG_WARN_OBJC_ROOT_CLASS = YES_ERROR;
				CLANG_WARN_UNREACHABLE_CODE = YES;
				CLANG_WARN__DUPLICATE_METHOD_MATCH = YES;
				"CODE_SIGN_IDENTITY[sdk=iphoneos*]" = "iPhone Developer";
				COPY_PHASE_STRIP = NO;
				ENABLE_STRICT_OBJC_MSGSEND = YES;
				GCC_C_LANGUAGE_STANDARD = gnu99;
				GCC_DYNAMIC_NO_PIC = NO;
				GCC_OPTIMIZATION_LEVEL = 0;
				GCC_PREPROCESSOR_DEFINITIONS = (
					"DEBUG=1",
					"$(inherited)",
				);
				GCC_SYMBOLS_PRIVATE_EXTERN = NO;
				GCC_WARN_64_TO_32_BIT_CONVERSION = YES;
				GCC_WARN_ABOUT_RETURN_TYPE = YES_ERROR;
				GCC_WARN_UNDECLARED_SELECTOR = YES;
				GCC_WARN_UNINITIALIZED_AUTOS = YES_AGGRESSIVE;
				GCC_WARN_UNUSED_FUNCTION = YES;
				GCC_WARN_UNUSED_VARIABLE = YES;
				IPHONEOS_DEPLOYMENT_TARGET = 8.1;
				MTL_ENABLE_DEBUG_INFO = YES;
				ONLY_ACTIVE_ARCH = YES;
				SDKROOT = iphoneos;
				SWIFT_OPTIMIZATION_LEVEL = "-Onone";
			};
			name = Debug;
		};
		1ACE6B461A36F49B00FBBB8C /* Release */ = {
			isa = XCBuildConfiguration;
			buildSettings = {
				ALWAYS_SEARCH_USER_PATHS = NO;
				CLANG_CXX_LANGUAGE_STANDARD = "gnu++0x";
				CLANG_CXX_LIBRARY = "libc++";
				CLANG_ENABLE_MODULES = YES;
				CLANG_ENABLE_OBJC_ARC = YES;
				CLANG_WARN_BOOL_CONVERSION = YES;
				CLANG_WARN_CONSTANT_CONVERSION = YES;
				CLANG_WARN_DIRECT_OBJC_ISA_USAGE = YES_ERROR;
				CLANG_WARN_EMPTY_BODY = YES;
				CLANG_WARN_ENUM_CONVERSION = YES;
				CLANG_WARN_INT_CONVERSION = YES;
				CLANG_WARN_OBJC_ROOT_CLASS = YES_ERROR;
				CLANG_WARN_UNREACHABLE_CODE = YES;
				CLANG_WARN__DUPLICATE_METHOD_MATCH = YES;
				"CODE_SIGN_IDENTITY[sdk=iphoneos*]" = "iPhone Developer";
				COPY_PHASE_STRIP = YES;
				ENABLE_NS_ASSERTIONS = NO;
				ENABLE_STRICT_OBJC_MSGSEND = YES;
				GCC_C_LANGUAGE_STANDARD = gnu99;
				GCC_WARN_64_TO_32_BIT_CONVERSION = YES;
				GCC_WARN_ABOUT_RETURN_TYPE = YES_ERROR;
				GCC_WARN_UNDECLARED_SELECTOR = YES;
				GCC_WARN_UNINITIALIZED_AUTOS = YES_AGGRESSIVE;
				GCC_WARN_UNUSED_FUNCTION = YES;
				GCC_WARN_UNUSED_VARIABLE = YES;
				IPHONEOS_DEPLOYMENT_TARGET = 8.1;
				MTL_ENABLE_DEBUG_INFO = NO;
				SDKROOT = iphoneos;
				VALIDATE_PRODUCT = YES;
			};
			name = Release;
		};
		1ACE6B481A36F49B00FBBB8C /* Debug */ = {
			isa = XCBuildConfiguration;
			buildSettings = {
				ASSETCATALOG_COMPILER_APPICON_NAME = AppIcon;
				INFOPLIST_FILE = swiftSendParamsDemo/Info.plist;
				LD_RUNPATH_SEARCH_PATHS = "$(inherited) @executable_path/Frameworks";
				PRODUCT_NAME = "$(TARGET_NAME)";
			};
			name = Debug;
		};
		1ACE6B491A36F49B00FBBB8C /* Release */ = {
			isa = XCBuildConfiguration;
			buildSettings = {
				ASSETCATALOG_COMPILER_APPICON_NAME = AppIcon;
				INFOPLIST_FILE = swiftSendParamsDemo/Info.plist;
				LD_RUNPATH_SEARCH_PATHS = "$(inherited) @executable_path/Frameworks";
				PRODUCT_NAME = "$(TARGET_NAME)";
			};
			name = Release;
		};
		1ACE6B4B1A36F49B00FBBB8C /* Debug */ = {
			isa = XCBuildConfiguration;
			buildSettings = {
				BUNDLE_LOADER = "$(TEST_HOST)";
				FRAMEWORK_SEARCH_PATHS = (
					"$(SDKROOT)/Developer/Library/Frameworks",
					"$(inherited)",
				);
				GCC_PREPROCESSOR_DEFINITIONS = (
					"DEBUG=1",
					"$(inherited)",
				);
				INFOPLIST_FILE = swiftSendParamsDemoTests/Info.plist;
				LD_RUNPATH_SEARCH_PATHS = "$(inherited) @executable_path/Frameworks @loader_path/Frameworks";
				PRODUCT_NAME = "$(TARGET_NAME)";
				TEST_HOST = "$(BUILT_PRODUCTS_DIR)/swiftSendParamsDemo.app/swiftSendParamsDemo";
			};
			name = Debug;
		};
		1ACE6B4C1A36F49B00FBBB8C /* Release */ = {
			isa = XCBuildConfiguration;
			buildSettings = {
				BUNDLE_LOADER = "$(TEST_HOST)";
				FRAMEWORK_SEARCH_PATHS = (
					"$(SDKROOT)/Developer/Library/Frameworks",
					"$(inherited)",
				);
				INFOPLIST_FILE = swiftSendParamsDemoTests/Info.plist;
				LD_RUNPATH_SEARCH_PATHS = "$(inherited) @executable_path/Frameworks @loader_path/Frameworks";
				PRODUCT_NAME = "$(TARGET_NAME)";
				TEST_HOST = "$(BUILT_PRODUCTS_DIR)/swiftSendParamsDemo.app/swiftSendParamsDemo";
			};
			name = Release;
		};
/* End XCBuildConfiguration section */

/* Begin XCConfigurationList section */
		1ACE6B231A36F49B00FBBB8C /* Build configuration list for PBXProject "swiftSendParamsDemo" */ = {
			isa = XCConfigurationList;
			buildConfigurations = (
				1ACE6B451A36F49B00FBBB8C /* Debug */,
				1ACE6B461A36F49B00FBBB8C /* Release */,
			);
			defaultConfigurationIsVisible = 0;
			defaultConfigurationName = Release;
		};
		1ACE6B471A36F49B00FBBB8C /* Build configuration list for PBXNativeTarget "swiftSendParamsDemo" */ = {
			isa = XCConfigurationList;
			buildConfigurations = (
				1ACE6B481A36F49B00FBBB8C /* Debug */,
				1ACE6B491A36F49B00FBBB8C /* Release */,
			);
			defaultConfigurationIsVisible = 0;
		};
		1ACE6B4A1A36F49B00FBBB8C /* Build configuration list for PBXNativeTarget "swiftSendParamsDemoTests" */ = {
			isa = XCConfigurationList;
			buildConfigurations = (
				1ACE6B4B1A36F49B00FBBB8C /* Debug */,
				1ACE6B4C1A36F49B00FBBB8C /* Release */,
			);
			defaultConfigurationIsVisible = 0;
		};
/* End XCConfigurationList section */
	};
	rootObject = 1ACE6B201A36F49B00FBBB8C /* Project object */;
}
